
Microsoft Visual Studio Solution File, Format Version 12.00
# Visual Studio Version 17
VisualStudioVersion = 17.13.35825.156
MinimumVisualStudioVersion = 10.0.40219.1
Project("{FAE04EC0-301F-11D3-BF4B-00C04F79EFBC}") = "Centro de llamadas BD", "Centro de llamadas\Centro de llamadas BD.csproj", "{5D82FA6C-57AB-4929-BDE0-7F3C349A5C9F}"
EndProject
Global
	GlobalSection(SolutionConfigurationPlatforms) = preSolution
		Debug|Any CPU = Debug|Any CPU
		Release|Any CPU = Release|Any CPU
	EndGlobalSection
	GlobalSection(ProjectConfigurationPlatforms) = postSolution
		{5D82FA6C-57AB-4929-BDE0-7F3C349A5C9F}.Debug|Any CPU.ActiveCfg = Debug|Any CPU
		{5D82FA6C-57AB-4929-BDE0-7F3C349A5C9F}.Debug|Any CPU.Build.0 = Debug|Any CPU
		{5D82FA6C-57AB-4929-BDE0-7F3C349A5C9F}.Release|Any CPU.ActiveCfg = Release|Any CPU
		{5D82FA6C-57AB-4929-BDE0-7F3C349A5C9F}.Release|Any CPU.Build.0 = Release|Any CPU
	EndGlobalSection
	GlobalSection(SolutionProperties) = preSolution
		HideSolutionNode = FALSE
	EndGlobalSection
	GlobalSection(ExtensibilityGlobals) = postSolution
		SolutionGuid = {127D288C-25D1-47E5-A96A-21C291DA5C98}
	EndGlobalSection
EndGlobal
